
Microsoft Visual Studio Solution File, Format Version 12.00
# Visual Studio 2012
Project("{FAE04EC0-301F-11D3-BF4B-00C04F79EFBC}") = "Find The Path", "Find The Path\Find The Path\Find The Path.csproj", "{0E2143B3-57FE-4918-BC80-A91E3D01816B}"
EndProject
Project("{96E2B04D-8817-42C6-938A-82C39BA4D311}") = "Find The PathContent", "Find The Path\Find The PathContent\Find The PathContent.contentproj", "{848C6349-9808-4CB0-AA9D-0BE1D2A8BDAA}"
EndProject
Global
	GlobalSection(SolutionConfigurationPlatforms) = preSolution
		Debug|x86 = Debug|x86
		Release|x86 = Release|x86
	EndGlobalSection
	GlobalSection(ProjectConfigurationPlatforms) = postSolution
		{0E2143B3-57FE-4918-BC80-A91E3D01816B}.Debug|x86.ActiveCfg = Debug|x86
		{0E2143B3-57FE-4918-BC80-A91E3D01816B}.Debug|x86.Build.0 = Debug|x86
		{0E2143B3-57FE-4918-BC80-A91E3D01816B}.Release|x86.ActiveCfg = Release|x86
		{0E2143B3-57FE-4918-BC80-A91E3D01816B}.Release|x86.Build.0 = Release|x86
		{848C6349-9808-4CB0-AA9D-0BE1D2A8BDAA}.Debug|x86.ActiveCfg = Debug|x86
		{848C6349-9808-4CB0-AA9D-0BE1D2A8BDAA}.Release|x86.ActiveCfg = Release|x86
	EndGlobalSection
	GlobalSection(SolutionProperties) = preSolution
		HideSolutionNode = FALSE
	EndGlobalSection
EndGlobal
